// !$*UTF8*$!
{
	archiveVersion = 1;
	classes = {
	};
	objectVersion = 50;
	objects = {

/* Begin PBXBuildFile section */
		C0373A2A245F433400104B2F /* AddCollectableViewController.swift in Sources */ = {isa = PBXBuildFile; fileRef = C0373A29245F433400104B2F /* AddCollectableViewController.swift */; };
		C0DB3A48245F351400FC8516 /* AppDelegate.swift in Sources */ = {isa = PBXBuildFile; fileRef = C0DB3A47245F351400FC8516 /* AppDelegate.swift */; };
		C0DB3A4A245F351400FC8516 /* SceneDelegate.swift in Sources */ = {isa = PBXBuildFile; fileRef = C0DB3A49245F351400FC8516 /* SceneDelegate.swift */; };
		C0DB3A4C245F351400FC8516 /* CollectableViewController.swift in Sources */ = {isa = PBXBuildFile; fileRef = C0DB3A4B245F351400FC8516 /* CollectableViewController.swift */; };
		C0DB3A4F245F351400FC8516 /* Main.storyboard in Resources */ = {isa = PBXBuildFile; fileRef = C0DB3A4D245F351400FC8516 /* Main.storyboard */; };
		C0DB3A52245F351400FC8516 /* Image_Collector.xcdatamodeld in Sources */ = {isa = PBXBuildFile; fileRef = C0DB3A50245F351400FC8516 /* Image_Collector.xcdatamodeld */; };
		C0DB3A54245F351A00FC8516 /* Assets.xcassets in Resources */ = {isa = PBXBuildFile; fileRef = C0DB3A53245F351A00FC8516 /* Assets.xcassets */; };
		C0DB3A57245F351A00FC8516 /* LaunchScreen.storyboard in Resources */ = {isa = PBXBuildFile; fileRef = C0DB3A55245F351A00FC8516 /* LaunchScreen.storyboard */; };
/* End PBXBuildFile section */

/* Begin PBXFileReference section */
		C0373A29245F433400104B2F /* AddCollectableViewController.swift */ = {isa = PBXFileReference; lastKnownFileType = sourcecode.swift; path = AddCollectableViewController.swift; sourceTree = "<group>"; };
		C0DB3A44245F351400FC8516 /* Image_Collector.app */ = {isa = PBXFileReference; explicitFileType = wrapper.application; includeInIndex = 0; path = Image_Collector.app; sourceTree = BUILT_PRODUCTS_DIR; };
		C0DB3A47245F351400FC8516 /* AppDelegate.swift */ = {isa = PBXFileReference; lastKnownFileType = sourcecode.swift; path = AppDelegate.swift; sourceTree = "<group>"; };
		C0DB3A49245F351400FC8516 /* SceneDelegate.swift */ = {isa = PBXFileReference; lastKnownFileType = sourcecode.swift; path = SceneDelegate.swift; sourceTree = "<group>"; };
		C0DB3A4B245F351400FC8516 /* CollectableViewController.swift */ = {isa = PBXFileReference; lastKnownFileType = sourcecode.swift; path = CollectableViewController.swift; sourceTree = "<group>"; };
		C0DB3A4E245F351400FC8516 /* Base */ = {isa = PBXFileReference; lastKnownFileType = file.storyboard; name = Base; path = Base.lproj/Main.storyboard; sourceTree = "<group>"; };
		C0DB3A51245F351400FC8516 /* Image_Collector.xcdatamodel */ = {isa = PBXFileReference; lastKnownFileType = wrapper.xcdatamodel; path = Image_Collector.xcdatamodel; sourceTree = "<group>"; };
		C0DB3A53245F351A00FC8516 /* Assets.xcassets */ = {isa = PBXFileReference; lastKnownFileType = folder.assetcatalog; path = Assets.xcassets; sourceTree = "<group>"; };
		C0DB3A56245F351A00FC8516 /* Base */ = {isa = PBXFileReference; lastKnownFileType = file.storyboard; name = Base; path = Base.lproj/LaunchScreen.storyboard; sourceTree = "<group>"; };
		C0DB3A58245F351A00FC8516 /* Info.plist */ = {isa = PBXFileReference; lastKnownFileType = text.plist.xml; path = Info.plist; sourceTree = "<group>"; };
/* End PBXFileReference section */

/* Begin PBXFrameworksBuildPhase section */
		C0DB3A41245F351400FC8516 /* Frameworks */ = {
			isa = PBXFrameworksBuildPhase;
			buildActionMask = 2147483647;
			files = (
			);
			runOnlyForDeploymentPostprocessing = 0;
		};
/* End PBXFrameworksBuildPhase section */

/* Begin PBXGroup section */
		C0DB3A3B245F351400FC8516 = {
			isa = PBXGroup;
			children = (
				C0DB3A46245F351400FC8516 /* Image_Collector */,
				C0DB3A45245F351400FC8516 /* Products */,
			);
			sourceTree = "<group>";
		};
		C0DB3A45245F351400FC8516 /* Products */ = {
			isa = PBXGroup;
			children = (
				C0DB3A44245F351400FC8516 /* Image_Collector.app */,
			);
			name = Products;
			sourceTree = "<group>";
		};
		C0DB3A46245F351400FC8516 /* Image_Collector */ = {
			isa = PBXGroup;
			children = (
				C0DB3A60245F40F600FC8516 /* Model */,
				C0DB3A5F245F40EE00FC8516 /* Controller */,
				C0DB3A5E245F40D400FC8516 /* View */,
				C0DB3A47245F351400FC8516 /* AppDelegate.swift */,
				C0DB3A49245F351400FC8516 /* SceneDelegate.swift */,
				C0DB3A53245F351A00FC8516 /* Assets.xcassets */,
				C0DB3A58245F351A00FC8516 /* Info.plist */,
				C0DB3A50245F351400FC8516 /* Image_Collector.xcdatamodeld */,
			);
			path = Image_Collector;
			sourceTree = "<group>";
		};
		C0DB3A5E245F40D400FC8516 /* View */ = {
			isa = PBXGroup;
			children = (
				C0DB3A4D245F351400FC8516 /* Main.storyboard */,
				C0DB3A55245F351A00FC8516 /* LaunchScreen.storyboard */,
			);
			path = View;
			sourceTree = "<group>";
		};
		C0DB3A5F245F40EE00FC8516 /* Controller */ = {
			isa = PBXGroup;
			children = (
				C0DB3A4B245F351400FC8516 /* CollectableViewController.swift */,
				C0373A29245F433400104B2F /* AddCollectableViewController.swift */,
			);
			path = Controller;
			sourceTree = "<group>";
		};
		C0DB3A60245F40F600FC8516 /* Model */ = {
			isa = PBXGroup;
			children = (
			);
			path = Model;
			sourceTree = "<group>";
		};
/* End PBXGroup section */

/* Begin PBXNativeTarget section */
		C0DB3A43245F351400FC8516 /* Image_Collector */ = {
			isa = PBXNativeTarget;
			buildConfigurationList = C0DB3A5B245F351A00FC8516 /* Build configuration list for PBXNativeTarget "Image_Collector" */;
			buildPhases = (
				C0DB3A40245F351400FC8516 /* Sources */,
				C0DB3A41245F351400FC8516 /* Frameworks */,
				C0DB3A42245F351400FC8516 /* Resources */,
			);
			buildRules = (
			);
			dependencies = (
			);
			name = Image_Collector;
			productName = Image_Collector;
			productReference = C0DB3A44245F351400FC8516 /* Image_Collector.app */;
			productType = "com.apple.product-type.application";
		};
/* End PBXNativeTarget section */

/* Begin PBXProject section */
		C0DB3A3C245F351400FC8516 /* Project object */ = {
			isa = PBXProject;
			attributes = {
				LastSwiftUpdateCheck = 1140;
				LastUpgradeCheck = 1140;
				ORGANIZATIONNAME = "Julia Debecka";
				TargetAttributes = {
					C0DB3A43245F351400FC8516 = {
						CreatedOnToolsVersion = 11.4.1;
					};
				};
			};
			buildConfigurationList = C0DB3A3F245F351400FC8516 /* Build configuration list for PBXProject "Image_Collector" */;
			compatibilityVersion = "Xcode 9.3";
			developmentRegion = en;
			hasScannedForEncodings = 0;
			knownRegions = (
				en,
				Base,
			);
			mainGroup = C0DB3A3B245F351400FC8516;
			productRefGroup = C0DB3A45245F351400FC8516 /* Products */;
			projectDirPath = "";
			projectRoot = "";
			targets = (
				C0DB3A43245F351400FC8516 /* Image_Collector */,
			);
		};
/* End PBXProject section */

/* Begin PBXResourcesBuildPhase section */
		C0DB3A42245F351400FC8516 /* Resources */ = {
			isa = PBXResourcesBuildPhase;
			buildActionMask = 2147483647;
			files = (
				C0DB3A57245F351A00FC8516 /* LaunchScreen.storyboard in Resources */,
				C0DB3A54245F351A00FC8516 /* Assets.xcassets in Resources */,
				C0DB3A4F245F351400FC8516 /* Main.storyboard in Resources */,
			);
			runOnlyForDeploymentPostprocessing = 0;
		};
/* End PBXResourcesBuildPhase section */

/* Begin PBXSourcesBuildPhase section */
		C0DB3A40245F351400FC8516 /* Sources */ = {
			isa = PBXSourcesBuildPhase;
			buildActionMask = 2147483647;
			files = (
				C0DB3A4C245F351400FC8516 /* CollectableViewController.swift in Sources */,
				C0373A2A245F433400104B2F /* AddCollectableViewController.swift in Sources */,
				C0DB3A52245F351400FC8516 /* Image_Collector.xcdatamodeld in Sources */,
				C0DB3A48245F351400FC8516 /* AppDelegate.swift in Sources */,
				C0DB3A4A245F351400FC8516 /* SceneDelegate.swift in Sources */,
			);
			runOnlyForDeploymentPostprocessing = 0;
		};
/* End PBXSourcesBuildPhase section */

/* Begin PBXVariantGroup section */
		C0DB3A4D245F351400FC8516 /* Main.storyboard */ = {
			isa = PBXVariantGroup;
			children = (
				C0DB3A4E245F351400FC8516 /* Base */,
			);
			name = Main.storyboard;
			sourceTree = "<group>";
		};
		C0DB3A55245F351A00FC8516 /* LaunchScreen.storyboard */ = {
			isa = PBXVariantGroup;
			children = (
				C0DB3A56245F351A00FC8516 /* Base */,
			);
			name = LaunchScreen.storyboard;
			sourceTree = "<group>";
		};
/* End PBXVariantGroup section */

/* Begin XCBuildConfiguration section */
		C0DB3A59245F351A00FC8516 /* Debug */ = {
			isa = XCBuildConfiguration;
			buildSettings = {
				ALWAYS_SEARCH_USER_PATHS = NO;
				CLANG_ANALYZER_NONNULL = YES;
				CLANG_ANALYZER_NUMBER_OBJECT_CONVERSION = YES_AGGRESSIVE;
				CLANG_CXX_LANGUAGE_STANDARD = "gnu++14";
				CLANG_CXX_LIBRARY = "libc++";
				CLANG_ENABLE_MODULES = YES;
				CLANG_ENABLE_OBJC_ARC = YES;
				CLANG_ENABLE_OBJC_WEAK = YES;
				CLANG_WARN_BLOCK_CAPTURE_AUTORELEASING = YES;
				CLANG_WARN_BOOL_CONVERSION = YES;
				CLANG_WARN_COMMA = YES;
				CLANG_WARN_CONSTANT_CONVERSION = YES;
				CLANG_WARN_DEPRECATED_OBJC_IMPLEMENTATIONS = YES;
				CLANG_WARN_DIRECT_OBJC_ISA_USAGE = YES_ERROR;
				CLANG_WARN_DOCUMENTATION_COMMENTS = YES;
				CLANG_WARN_EMPTY_BODY = YES;
				CLANG_WARN_ENUM_CONVERSION = YES;
				CLANG_WARN_INFINITE_RECURSION = YES;
				CLANG_WARN_INT_CONVERSION = YES;
				CLANG_WARN_NON_LITERAL_NULL_CONVERSION = YES;
				CLANG_WARN_OBJC_IMPLICIT_RETAIN_SELF = YES;
				CLANG_WARN_OBJC_LITERAL_CONVERSION = YES;
				CLANG_WARN_OBJC_ROOT_CLASS = YES_ERROR;
				CLANG_WARN_RANGE_LOOP_ANALYSIS = YES;
				CLANG_WARN_STRICT_PROTOTYPES = YES;
				CLANG_WARN_SUSPICIOUS_MOVE = YES;
				CLANG_WARN_UNGUARDED_AVAILABILITY = YES_AGGRESSIVE;
				CLANG_WARN_UNREACHABLE_CODE = YES;
				CLANG_WARN__DUPLICATE_METHOD_MATCH = YES;
				COPY_PHASE_STRIP = NO;
				DEBUG_INFORMATION_FORMAT = dwarf;
				ENABLE_STRICT_OBJC_MSGSEND = YES;
				ENABLE_TESTABILITY = YES;
				GCC_C_LANGUAGE_STANDARD = gnu11;
				GCC_DYNAMIC_NO_PIC = NO;
				GCC_NO_COMMON_BLOCKS = YES;
				GCC_OPTIMIZATION_LEVEL = 0;
				GCC_PREPROCESSOR_DEFINITIONS = (
					"DEBUG=1",
					"$(inherited)",
				);
				GCC_WARN_64_TO_32_BIT_CONVERSION = YES;
				GCC_WARN_ABOUT_RETURN_TYPE = YES_ERROR;
				GCC_WARN_UNDECLARED_SELECTOR = YES;
				GCC_WARN_UNINITIALIZED_AUTOS = YES_AGGRESSIVE;
				GCC_WARN_UNUSED_FUNCTION = YES;
				GCC_WARN_UNUSED_VARIABLE = YES;
				IPHONEOS_DEPLOYMENT_TARGET = 13.4;
				MTL_ENABLE_DEBUG_INFO = INCLUDE_SOURCE;
				MTL_FAST_MATH = YES;
				ONLY_ACTIVE_ARCH = YES;
				SDKROOT = iphoneos;
				SWIFT_ACTIVE_COMPILATION_CONDITIONS = DEBUG;
				SWIFT_OPTIMIZATION_LEVEL = "-Onone";
			};
			name = Debug;
		};
		C0DB3A5A245F351A00FC8516 /* Release */ = {
			isa = XCBuildConfiguration;
			buildSettings = {
				ALWAYS_SEARCH_USER_PATHS = NO;
				CLANG_ANALYZER_NONNULL = YES;
				CLANG_ANALYZER_NUMBER_OBJECT_CONVERSION = YES_AGGRESSIVE;
				CLANG_CXX_LANGUAGE_STANDARD = "gnu++14";
				CLANG_CXX_LIBRARY = "libc++";
				CLANG_ENABLE_MODULES = YES;
				CLANG_ENABLE_OBJC_ARC = YES;
				CLANG_ENABLE_OBJC_WEAK = YES;
				CLANG_WARN_BLOCK_CAPTURE_AUTORELEASING = YES;
				CLANG_WARN_BOOL_CONVERSION = YES;
				CLANG_WARN_COMMA = YES;
				CLANG_WARN_CONSTANT_CONVERSION = YES;
				CLANG_WARN_DEPRECATED_OBJC_IMPLEMENTATIONS = YES;
				CLANG_WARN_DIRECT_OBJC_ISA_USAGE = YES_ERROR;
				CLANG_WARN_DOCUMENTATION_COMMENTS = YES;
				CLANG_WARN_EMPTY_BODY = YES;
				CLANG_WARN_ENUM_CONVERSION = YES;
				CLANG_WARN_INFINITE_RECURSION = YES;
				CLANG_WARN_INT_CONVERSION = YES;
				CLANG_WARN_NON_LITERAL_NULL_CONVERSION = YES;
				CLANG_WARN_OBJC_IMPLICIT_RETAIN_SELF = YES;
				CLANG_WARN_OBJC_LITERAL_CONVERSION = YES;
				CLANG_WARN_OBJC_ROOT_CLASS = YES_ERROR;
				CLANG_WARN_RANGE_LOOP_ANALYSIS = YES;
				CLANG_WARN_STRICT_PROTOTYPES = YES;
				CLANG_WARN_SUSPICIOUS_MOVE = YES;
				CLANG_WARN_UNGUARDED_AVAILABILITY = YES_AGGRESSIVE;
				CLANG_WARN_UNREACHABLE_CODE = YES;
				CLANG_WARN__DUPLICATE_METHOD_MATCH = YES;
				COPY_PHASE_STRIP = NO;
				DEBUG_INFORMATION_FORMAT = "dwarf-with-dsym";
				ENABLE_NS_ASSERTIONS = NO;
				ENABLE_STRICT_OBJC_MSGSEND = YES;
				GCC_C_LANGUAGE_STANDARD = gnu11;
				GCC_NO_COMMON_BLOCKS = YES;
				GCC_WARN_64_TO_32_BIT_CONVERSION = YES;
				GCC_WARN_ABOUT_RETURN_TYPE = YES_ERROR;
				GCC_WARN_UNDECLARED_SELECTOR = YES;
				GCC_WARN_UNINITIALIZED_AUTOS = YES_AGGRESSIVE;
				GCC_WARN_UNUSED_FUNCTION = YES;
				GCC_WARN_UNUSED_VARIABLE = YES;
				IPHONEOS_DEPLOYMENT_TARGET = 13.4;
				MTL_ENABLE_DEBUG_INFO = NO;
				MTL_FAST_MATH = YES;
				SDKROOT = iphoneos;
				SWIFT_COMPILATION_MODE = wholemodule;
				SWIFT_OPTIMIZATION_LEVEL = "-O";
				VALIDATE_PRODUCT = YES;
			};
			name = Release;
		};
		C0DB3A5C245F351A00FC8516 /* Debug */ = {
			isa = XCBuildConfiguration;
			buildSettings = {
				ASSETCATALOG_COMPILER_APPICON_NAME = AppIcon;
				CODE_SIGN_STYLE = Automatic;
				DEVELOPMENT_TEAM = X834F4822U;
				INFOPLIST_FILE = Image_Collector/Info.plist;
				LD_RUNPATH_SEARCH_PATHS = (
					"$(inherited)",
					"@executable_path/Frameworks",
				);
				PRODUCT_BUNDLE_IDENTIFIER = "Debecka.Image-Collector";
				PRODUCT_NAME = "$(TARGET_NAME)";
				SWIFT_VERSION = 5.0;
				TARGETED_DEVICE_FAMILY = "1,2";
			};
			name = Debug;
		};
		C0DB3A5D245F351A00FC8516 /* Release */ = {
			isa = XCBuildConfiguration;
			buildSettings = {
				ASSETCATALOG_COMPILER_APPICON_NAME = AppIcon;
				CODE_SIGN_STYLE = Automatic;
				DEVELOPMENT_TEAM = X834F4822U;
				INFOPLIST_FILE = Image_Collector/Info.plist;
				LD_RUNPATH_SEARCH_PATHS = (
					"$(inherited)",
					"@executable_path/Frameworks",
				);
				PRODUCT_BUNDLE_IDENTIFIER = "Debecka.Image-Collector";
				PRODUCT_NAME = "$(TARGET_NAME)";
				SWIFT_VERSION = 5.0;
				TARGETED_DEVICE_FAMILY = "1,2";
			};
			name = Release;
		};
/* End XCBuildConfiguration section */

/* Begin XCConfigurationList section */
		C0DB3A3F245F351400FC8516 /* Build configuration list for PBXProject "Image_Collector" */ = {
			isa = XCConfigurationList;
			buildConfigurations = (
				C0DB3A59245F351A00FC8516 /* Debug */,
				C0DB3A5A245F351A00FC8516 /* Release */,
			);
			defaultConfigurationIsVisible = 0;
			defaultConfigurationName = Release;
		};
		C0DB3A5B245F351A00FC8516 /* Build configuration list for PBXNativeTarget "Image_Collector" */ = {
			isa = XCConfigurationList;
			buildConfigurations = (
				C0DB3A5C245F351A00FC8516 /* Debug */,
				C0DB3A5D245F351A00FC8516 /* Release */,
			);
			defaultConfigurationIsVisible = 0;
			defaultConfigurationName = Release;
		};
/* End XCConfigurationList section */

/* Begin XCVersionGroup section */
		C0DB3A50245F351400FC8516 /* Image_Collector.xcdatamodeld */ = {
			isa = XCVersionGroup;
			children = (
				C0DB3A51245F351400FC8516 /* Image_Collector.xcdatamodel */,
			);
			currentVersion = C0DB3A51245F351400FC8516 /* Image_Collector.xcdatamodel */;
			path = Image_Collector.xcdatamodeld;
			sourceTree = "<group>";
			versionGroupType = wrapper.xcdatamodel;
		};
/* End XCVersionGroup section */
	};
	rootObject = C0DB3A3C245F351400FC8516 /* Project object */;
}
