// !$*UTF8*$!
{
	archiveVersion = 1;
	classes = {
	};
	objectVersion = 52;
	objects = {

/* Begin PBXBuildFile section */
		C04166942438B54A00E6555D /* AppDelegate.swift in Sources */ = {isa = PBXBuildFile; fileRef = C04166932438B54A00E6555D /* AppDelegate.swift */; };
		C04166962438B54A00E6555D /* SceneDelegate.swift in Sources */ = {isa = PBXBuildFile; fileRef = C04166952438B54A00E6555D /* SceneDelegate.swift */; };
		C041669D2438B54C00E6555D /* Assets.xcassets in Resources */ = {isa = PBXBuildFile; fileRef = C041669C2438B54C00E6555D /* Assets.xcassets */; };
		C04166B12438B6BE00E6555D /* MainTableViewCell.swift in Sources */ = {isa = PBXBuildFile; fileRef = C04166AF2438B6BE00E6555D /* MainTableViewCell.swift */; };
		C04166B22438B6BE00E6555D /* MainTableViewCell.xib in Resources */ = {isa = PBXBuildFile; fileRef = C04166B02438B6BE00E6555D /* MainTableViewCell.xib */; };
		C04166B52438B79800E6555D /* SnapKit in Frameworks */ = {isa = PBXBuildFile; productRef = C04166B42438B79800E6555D /* SnapKit */; };
		C04166B82438B7EB00E6555D /* TableViewController.swift in Sources */ = {isa = PBXBuildFile; fileRef = C04166B62438B7EB00E6555D /* TableViewController.swift */; };
		C04166B92438B7EB00E6555D /* TableViewController.xib in Resources */ = {isa = PBXBuildFile; fileRef = C04166B72438B7EB00E6555D /* TableViewController.xib */; };
		C05EC8902438C86700D77ADA /* Launch Screen.storyboard in Resources */ = {isa = PBXBuildFile; fileRef = C05EC88F2438C86700D77ADA /* Launch Screen.storyboard */; };
		C05EC8932438D59400D77ADA /* Alamofire in Frameworks */ = {isa = PBXBuildFile; productRef = C05EC8922438D59400D77ADA /* Alamofire */; };
		C05EC8962438D5D100D77ADA /* WineRepository.swift in Sources */ = {isa = PBXBuildFile; fileRef = C05EC8952438D5D100D77ADA /* WineRepository.swift */; };
		C05EC8982438D71F00D77ADA /* Wine.swift in Sources */ = {isa = PBXBuildFile; fileRef = C05EC8972438D71F00D77ADA /* Wine.swift */; };
		C05EC89D2439119E00D77ADA /* DetailWine.swift in Sources */ = {isa = PBXBuildFile; fileRef = C05EC89C2439119E00D77ADA /* DetailWine.swift */; };
/* End PBXBuildFile section */

/* Begin PBXFileReference section */
		C04166902438B54A00E6555D /* First wine then food.app */ = {isa = PBXFileReference; explicitFileType = wrapper.application; includeInIndex = 0; path = "First wine then food.app"; sourceTree = BUILT_PRODUCTS_DIR; };
		C04166932438B54A00E6555D /* AppDelegate.swift */ = {isa = PBXFileReference; lastKnownFileType = sourcecode.swift; path = AppDelegate.swift; sourceTree = "<group>"; };
		C04166952438B54A00E6555D /* SceneDelegate.swift */ = {isa = PBXFileReference; lastKnownFileType = sourcecode.swift; path = SceneDelegate.swift; sourceTree = "<group>"; };
		C041669C2438B54C00E6555D /* Assets.xcassets */ = {isa = PBXFileReference; lastKnownFileType = folder.assetcatalog; path = Assets.xcassets; sourceTree = "<group>"; };
		C04166A12438B54C00E6555D /* Info.plist */ = {isa = PBXFileReference; lastKnownFileType = text.plist.xml; path = Info.plist; sourceTree = "<group>"; };
		C04166AF2438B6BE00E6555D /* MainTableViewCell.swift */ = {isa = PBXFileReference; lastKnownFileType = sourcecode.swift; path = MainTableViewCell.swift; sourceTree = "<group>"; };
		C04166B02438B6BE00E6555D /* MainTableViewCell.xib */ = {isa = PBXFileReference; lastKnownFileType = file.xib; path = MainTableViewCell.xib; sourceTree = "<group>"; };
		C04166B62438B7EB00E6555D /* TableViewController.swift */ = {isa = PBXFileReference; lastKnownFileType = sourcecode.swift; name = TableViewController.swift; path = "Joke Bank/Controllers/Main Table/TableViewController.swift"; sourceTree = SOURCE_ROOT; };
		C04166B72438B7EB00E6555D /* TableViewController.xib */ = {isa = PBXFileReference; lastKnownFileType = file.xib; name = TableViewController.xib; path = "Joke Bank/Controllers/Main Table/TableViewController.xib"; sourceTree = SOURCE_ROOT; };
		C05EC88F2438C86700D77ADA /* Launch Screen.storyboard */ = {isa = PBXFileReference; lastKnownFileType = file.storyboard; path = "Launch Screen.storyboard"; sourceTree = "<group>"; };
		C05EC8952438D5D100D77ADA /* WineRepository.swift */ = {isa = PBXFileReference; lastKnownFileType = sourcecode.swift; path = WineRepository.swift; sourceTree = "<group>"; };
		C05EC8972438D71F00D77ADA /* Wine.swift */ = {isa = PBXFileReference; lastKnownFileType = sourcecode.swift; path = Wine.swift; sourceTree = "<group>"; };
		C05EC89C2439119E00D77ADA /* DetailWine.swift */ = {isa = PBXFileReference; lastKnownFileType = sourcecode.swift; path = DetailWine.swift; sourceTree = "<group>"; };
/* End PBXFileReference section */

/* Begin PBXFrameworksBuildPhase section */
		C041668D2438B54A00E6555D /* Frameworks */ = {
			isa = PBXFrameworksBuildPhase;
			buildActionMask = 2147483647;
			files = (
				C04166B52438B79800E6555D /* SnapKit in Frameworks */,
				C05EC8932438D59400D77ADA /* Alamofire in Frameworks */,
			);
			runOnlyForDeploymentPostprocessing = 0;
		};
/* End PBXFrameworksBuildPhase section */

/* Begin PBXGroup section */
		C04166872438B54A00E6555D = {
			isa = PBXGroup;
			children = (
				C04166922438B54A00E6555D /* Joke Bank */,
				C04166912438B54A00E6555D /* Products */,
			);
			sourceTree = "<group>";
		};
		C04166912438B54A00E6555D /* Products */ = {
			isa = PBXGroup;
			children = (
				C04166902438B54A00E6555D /* First wine then food.app */,
			);
			name = Products;
			sourceTree = "<group>";
		};
		C04166922438B54A00E6555D /* Joke Bank */ = {
			isa = PBXGroup;
			children = (
				C04166AC2438B5E300E6555D /* Resources */,
				C04166AB2438B5BB00E6555D /* Model */,
				C04166AA2438B5B700E6555D /* Views */,
				C04166A72438B58700E6555D /* Controllers */,
				C04166952438B54A00E6555D /* SceneDelegate.swift */,
				C04166932438B54A00E6555D /* AppDelegate.swift */,
				C04166A12438B54C00E6555D /* Info.plist */,
			);
			path = "Joke Bank";
			sourceTree = "<group>";
		};
		C04166A72438B58700E6555D /* Controllers */ = {
			isa = PBXGroup;
			children = (
				C05EC8942438D5BA00D77ADA /* Networking */,
				C04166BA2438B7FA00E6555D /* Main Table */,
			);
			path = Controllers;
			sourceTree = "<group>";
		};
		C04166AA2438B5B700E6555D /* Views */ = {
			isa = PBXGroup;
			children = (
				C05EC89B2439117200D77ADA /* DetailWine */,
				C04166AE2438B68A00E6555D /* Main Table */,
				C05EC88F2438C86700D77ADA /* Launch Screen.storyboard */,
			);
			path = Views;
			sourceTree = "<group>";
		};
		C04166AB2438B5BB00E6555D /* Model */ = {
			isa = PBXGroup;
			children = (
				C05EC8972438D71F00D77ADA /* Wine.swift */,
			);
			path = Model;
			sourceTree = "<group>";
		};
		C04166AC2438B5E300E6555D /* Resources */ = {
			isa = PBXGroup;
			children = (
				C041669C2438B54C00E6555D /* Assets.xcassets */,
			);
			path = Resources;
			sourceTree = "<group>";
		};
		C04166AE2438B68A00E6555D /* Main Table */ = {
			isa = PBXGroup;
			children = (
				C04166AF2438B6BE00E6555D /* MainTableViewCell.swift */,
				C04166B02438B6BE00E6555D /* MainTableViewCell.xib */,
			);
			path = "Main Table";
			sourceTree = "<group>";
		};
		C04166BA2438B7FA00E6555D /* Main Table */ = {
			isa = PBXGroup;
			children = (
				C04166B62438B7EB00E6555D /* TableViewController.swift */,
				C04166B72438B7EB00E6555D /* TableViewController.xib */,
			);
			path = "Main Table";
			sourceTree = "<group>";
		};
		C05EC8942438D5BA00D77ADA /* Networking */ = {
			isa = PBXGroup;
			children = (
				C05EC8952438D5D100D77ADA /* WineRepository.swift */,
			);
			path = Networking;
			sourceTree = "<group>";
		};
		C05EC89B2439117200D77ADA /* DetailWine */ = {
			isa = PBXGroup;
			children = (
				C05EC89C2439119E00D77ADA /* DetailWine.swift */,
			);
			path = DetailWine;
			sourceTree = "<group>";
		};
/* End PBXGroup section */

/* Begin PBXNativeTarget section */
		C041668F2438B54A00E6555D /* Joke Bank */ = {
			isa = PBXNativeTarget;
			buildConfigurationList = C04166A42438B54C00E6555D /* Build configuration list for PBXNativeTarget "Joke Bank" */;
			buildPhases = (
				C041668C2438B54A00E6555D /* Sources */,
				C041668D2438B54A00E6555D /* Frameworks */,
				C041668E2438B54A00E6555D /* Resources */,
			);
			buildRules = (
			);
			dependencies = (
			);
			name = "Joke Bank";
			packageProductDependencies = (
				C04166B42438B79800E6555D /* SnapKit */,
				C05EC8922438D59400D77ADA /* Alamofire */,
			);
			productName = "Joke Bank";
			productReference = C04166902438B54A00E6555D /* First wine then food.app */;
			productType = "com.apple.product-type.application";
		};
/* End PBXNativeTarget section */

/* Begin PBXProject section */
		C04166882438B54A00E6555D /* Project object */ = {
			isa = PBXProject;
			attributes = {
				LastSwiftUpdateCheck = 1130;
				LastUpgradeCheck = 1130;
				ORGANIZATIONNAME = "Julia Debecka";
				TargetAttributes = {
					C041668F2438B54A00E6555D = {
						CreatedOnToolsVersion = 11.3.1;
					};
				};
			};
			buildConfigurationList = C041668B2438B54A00E6555D /* Build configuration list for PBXProject "Joke Bank" */;
			compatibilityVersion = "Xcode 9.3";
			developmentRegion = en;
			hasScannedForEncodings = 0;
			knownRegions = (
				en,
				Base,
			);
			mainGroup = C04166872438B54A00E6555D;
			packageReferences = (
				C04166B32438B79800E6555D /* XCRemoteSwiftPackageReference "SnapKit" */,
				C05EC8912438D59400D77ADA /* XCRemoteSwiftPackageReference "Alamofire" */,
			);
			productRefGroup = C04166912438B54A00E6555D /* Products */;
			projectDirPath = "";
			projectRoot = "";
			targets = (
				C041668F2438B54A00E6555D /* Joke Bank */,
			);
		};
/* End PBXProject section */

/* Begin PBXResourcesBuildPhase section */
		C041668E2438B54A00E6555D /* Resources */ = {
			isa = PBXResourcesBuildPhase;
			buildActionMask = 2147483647;
			files = (
				C041669D2438B54C00E6555D /* Assets.xcassets in Resources */,
				C04166B22438B6BE00E6555D /* MainTableViewCell.xib in Resources */,
				C05EC8902438C86700D77ADA /* Launch Screen.storyboard in Resources */,
				C04166B92438B7EB00E6555D /* TableViewController.xib in Resources */,
			);
			runOnlyForDeploymentPostprocessing = 0;
		};
/* End PBXResourcesBuildPhase section */

/* Begin PBXSourcesBuildPhase section */
		C041668C2438B54A00E6555D /* Sources */ = {
			isa = PBXSourcesBuildPhase;
			buildActionMask = 2147483647;
			files = (
				C04166942438B54A00E6555D /* AppDelegate.swift in Sources */,
				C05EC8962438D5D100D77ADA /* WineRepository.swift in Sources */,
				C05EC8982438D71F00D77ADA /* Wine.swift in Sources */,
				C04166B12438B6BE00E6555D /* MainTableViewCell.swift in Sources */,
				C05EC89D2439119E00D77ADA /* DetailWine.swift in Sources */,
				C04166B82438B7EB00E6555D /* TableViewController.swift in Sources */,
				C04166962438B54A00E6555D /* SceneDelegate.swift in Sources */,
			);
			runOnlyForDeploymentPostprocessing = 0;
		};
/* End PBXSourcesBuildPhase section */

/* Begin XCBuildConfiguration section */
		C04166A22438B54C00E6555D /* Debug */ = {
			isa = XCBuildConfiguration;
			buildSettings = {
				ALWAYS_SEARCH_USER_PATHS = NO;
				CLANG_ANALYZER_NONNULL = YES;
				CLANG_ANALYZER_NUMBER_OBJECT_CONVERSION = YES_AGGRESSIVE;
				CLANG_CXX_LANGUAGE_STANDARD = "gnu++14";
				CLANG_CXX_LIBRARY = "libc++";
				CLANG_ENABLE_MODULES = YES;
				CLANG_ENABLE_OBJC_ARC = YES;
				CLANG_ENABLE_OBJC_WEAK = YES;
				CLANG_WARN_BLOCK_CAPTURE_AUTORELEASING = YES;
				CLANG_WARN_BOOL_CONVERSION = YES;
				CLANG_WARN_COMMA = YES;
				CLANG_WARN_CONSTANT_CONVERSION = YES;
				CLANG_WARN_DEPRECATED_OBJC_IMPLEMENTATIONS = YES;
				CLANG_WARN_DIRECT_OBJC_ISA_USAGE = YES_ERROR;
				CLANG_WARN_DOCUMENTATION_COMMENTS = YES;
				CLANG_WARN_EMPTY_BODY = YES;
				CLANG_WARN_ENUM_CONVERSION = YES;
				CLANG_WARN_INFINITE_RECURSION = YES;
				CLANG_WARN_INT_CONVERSION = YES;
				CLANG_WARN_NON_LITERAL_NULL_CONVERSION = YES;
				CLANG_WARN_OBJC_IMPLICIT_RETAIN_SELF = YES;
				CLANG_WARN_OBJC_LITERAL_CONVERSION = YES;
				CLANG_WARN_OBJC_ROOT_CLASS = YES_ERROR;
				CLANG_WARN_RANGE_LOOP_ANALYSIS = YES;
				CLANG_WARN_STRICT_PROTOTYPES = YES;
				CLANG_WARN_SUSPICIOUS_MOVE = YES;
				CLANG_WARN_UNGUARDED_AVAILABILITY = YES_AGGRESSIVE;
				CLANG_WARN_UNREACHABLE_CODE = YES;
				CLANG_WARN__DUPLICATE_METHOD_MATCH = YES;
				COPY_PHASE_STRIP = NO;
				DEBUG_INFORMATION_FORMAT = dwarf;
				ENABLE_STRICT_OBJC_MSGSEND = YES;
				ENABLE_TESTABILITY = YES;
				GCC_C_LANGUAGE_STANDARD = gnu11;
				GCC_DYNAMIC_NO_PIC = NO;
				GCC_NO_COMMON_BLOCKS = YES;
				GCC_OPTIMIZATION_LEVEL = 0;
				GCC_PREPROCESSOR_DEFINITIONS = (
					"DEBUG=1",
					"$(inherited)",
				);
				GCC_WARN_64_TO_32_BIT_CONVERSION = YES;
				GCC_WARN_ABOUT_RETURN_TYPE = YES_ERROR;
				GCC_WARN_UNDECLARED_SELECTOR = YES;
				GCC_WARN_UNINITIALIZED_AUTOS = YES_AGGRESSIVE;
				GCC_WARN_UNUSED_FUNCTION = YES;
				GCC_WARN_UNUSED_VARIABLE = YES;
				IPHONEOS_DEPLOYMENT_TARGET = 13.2;
				MTL_ENABLE_DEBUG_INFO = INCLUDE_SOURCE;
				MTL_FAST_MATH = YES;
				ONLY_ACTIVE_ARCH = YES;
				SDKROOT = iphoneos;
				SWIFT_ACTIVE_COMPILATION_CONDITIONS = DEBUG;
				SWIFT_OPTIMIZATION_LEVEL = "-Onone";
			};
			name = Debug;
		};
		C04166A32438B54C00E6555D /* Release */ = {
			isa = XCBuildConfiguration;
			buildSettings = {
				ALWAYS_SEARCH_USER_PATHS = NO;
				CLANG_ANALYZER_NONNULL = YES;
				CLANG_ANALYZER_NUMBER_OBJECT_CONVERSION = YES_AGGRESSIVE;
				CLANG_CXX_LANGUAGE_STANDARD = "gnu++14";
				CLANG_CXX_LIBRARY = "libc++";
				CLANG_ENABLE_MODULES = YES;
				CLANG_ENABLE_OBJC_ARC = YES;
				CLANG_ENABLE_OBJC_WEAK = YES;
				CLANG_WARN_BLOCK_CAPTURE_AUTORELEASING = YES;
				CLANG_WARN_BOOL_CONVERSION = YES;
				CLANG_WARN_COMMA = YES;
				CLANG_WARN_CONSTANT_CONVERSION = YES;
				CLANG_WARN_DEPRECATED_OBJC_IMPLEMENTATIONS = YES;
				CLANG_WARN_DIRECT_OBJC_ISA_USAGE = YES_ERROR;
				CLANG_WARN_DOCUMENTATION_COMMENTS = YES;
				CLANG_WARN_EMPTY_BODY = YES;
				CLANG_WARN_ENUM_CONVERSION = YES;
				CLANG_WARN_INFINITE_RECURSION = YES;
				CLANG_WARN_INT_CONVERSION = YES;
				CLANG_WARN_NON_LITERAL_NULL_CONVERSION = YES;
				CLANG_WARN_OBJC_IMPLICIT_RETAIN_SELF = YES;
				CLANG_WARN_OBJC_LITERAL_CONVERSION = YES;
				CLANG_WARN_OBJC_ROOT_CLASS = YES_ERROR;
				CLANG_WARN_RANGE_LOOP_ANALYSIS = YES;
				CLANG_WARN_STRICT_PROTOTYPES = YES;
				CLANG_WARN_SUSPICIOUS_MOVE = YES;
				CLANG_WARN_UNGUARDED_AVAILABILITY = YES_AGGRESSIVE;
				CLANG_WARN_UNREACHABLE_CODE = YES;
				CLANG_WARN__DUPLICATE_METHOD_MATCH = YES;
				COPY_PHASE_STRIP = NO;
				DEBUG_INFORMATION_FORMAT = "dwarf-with-dsym";
				ENABLE_NS_ASSERTIONS = NO;
				ENABLE_STRICT_OBJC_MSGSEND = YES;
				GCC_C_LANGUAGE_STANDARD = gnu11;
				GCC_NO_COMMON_BLOCKS = YES;
				GCC_WARN_64_TO_32_BIT_CONVERSION = YES;
				GCC_WARN_ABOUT_RETURN_TYPE = YES_ERROR;
				GCC_WARN_UNDECLARED_SELECTOR = YES;
				GCC_WARN_UNINITIALIZED_AUTOS = YES_AGGRESSIVE;
				GCC_WARN_UNUSED_FUNCTION = YES;
				GCC_WARN_UNUSED_VARIABLE = YES;
				IPHONEOS_DEPLOYMENT_TARGET = 13.2;
				MTL_ENABLE_DEBUG_INFO = NO;
				MTL_FAST_MATH = YES;
				SDKROOT = iphoneos;
				SWIFT_COMPILATION_MODE = wholemodule;
				SWIFT_OPTIMIZATION_LEVEL = "-O";
				VALIDATE_PRODUCT = YES;
			};
			name = Release;
		};
		C04166A52438B54C00E6555D /* Debug */ = {
			isa = XCBuildConfiguration;
			buildSettings = {
				ASSETCATALOG_COMPILER_APPICON_NAME = AppIcon;
				CODE_SIGN_STYLE = Automatic;
				DEVELOPMENT_TEAM = X834F4822U;
				INFOPLIST_FILE = "Joke Bank/Info.plist";
				LD_RUNPATH_SEARCH_PATHS = (
					"$(inherited)",
					"@executable_path/Frameworks",
				);
				PRODUCT_BUNDLE_IDENTIFIER = "Debecka-Jokes.Joke-Bank";
				PRODUCT_NAME = "First wine then food";
				SWIFT_VERSION = 5.0;
				TARGETED_DEVICE_FAMILY = "1,2";
			};
			name = Debug;
		};
		C04166A62438B54C00E6555D /* Release */ = {
			isa = XCBuildConfiguration;
			buildSettings = {
				ASSETCATALOG_COMPILER_APPICON_NAME = AppIcon;
				CODE_SIGN_STYLE = Automatic;
				DEVELOPMENT_TEAM = X834F4822U;
				INFOPLIST_FILE = "Joke Bank/Info.plist";
				LD_RUNPATH_SEARCH_PATHS = (
					"$(inherited)",
					"@executable_path/Frameworks",
				);
				PRODUCT_BUNDLE_IDENTIFIER = "Debecka-Jokes.Joke-Bank";
				PRODUCT_NAME = "First wine then food";
				SWIFT_VERSION = 5.0;
				TARGETED_DEVICE_FAMILY = "1,2";
			};
			name = Release;
		};
/* End XCBuildConfiguration section */

/* Begin XCConfigurationList section */
		C041668B2438B54A00E6555D /* Build configuration list for PBXProject "Joke Bank" */ = {
			isa = XCConfigurationList;
			buildConfigurations = (
				C04166A22438B54C00E6555D /* Debug */,
				C04166A32438B54C00E6555D /* Release */,
			);
			defaultConfigurationIsVisible = 0;
			defaultConfigurationName = Release;
		};
		C04166A42438B54C00E6555D /* Build configuration list for PBXNativeTarget "Joke Bank" */ = {
			isa = XCConfigurationList;
			buildConfigurations = (
				C04166A52438B54C00E6555D /* Debug */,
				C04166A62438B54C00E6555D /* Release */,
			);
			defaultConfigurationIsVisible = 0;
			defaultConfigurationName = Release;
		};
/* End XCConfigurationList section */

/* Begin XCRemoteSwiftPackageReference section */
		C04166B32438B79800E6555D /* XCRemoteSwiftPackageReference "SnapKit" */ = {
			isa = XCRemoteSwiftPackageReference;
			repositoryURL = "https://github.com/SnapKit/SnapKit.git";
			requirement = {
				kind = upToNextMajorVersion;
				minimumVersion = 5.0.1;
			};
		};
		C05EC8912438D59400D77ADA /* XCRemoteSwiftPackageReference "Alamofire" */ = {
			isa = XCRemoteSwiftPackageReference;
			repositoryURL = "https://github.com/Alamofire/Alamofire.git";
			requirement = {
				kind = upToNextMajorVersion;
				minimumVersion = 5.0.5;
			};
		};
/* End XCRemoteSwiftPackageReference section */

/* Begin XCSwiftPackageProductDependency section */
		C04166B42438B79800E6555D /* SnapKit */ = {
			isa = XCSwiftPackageProductDependency;
			package = C04166B32438B79800E6555D /* XCRemoteSwiftPackageReference "SnapKit" */;
			productName = SnapKit;
		};
		C05EC8922438D59400D77ADA /* Alamofire */ = {
			isa = XCSwiftPackageProductDependency;
			package = C05EC8912438D59400D77ADA /* XCRemoteSwiftPackageReference "Alamofire" */;
			productName = Alamofire;
		};
/* End XCSwiftPackageProductDependency section */
	};
	rootObject = C04166882438B54A00E6555D /* Project object */;
}
